// !$*UTF8*$!
{
	archiveVersion = 1;
	classes = {
	};
	objectVersion = 46;
	objects = {

/* Begin PBXBuildFile section */
		300991721F0FF2A500999B99 /* AppDelegate.swift in Sources */ = {isa = PBXBuildFile; fileRef = 300991711F0FF2A500999B99 /* AppDelegate.swift */; };
		300991741F0FF2A500999B99 /* ViewController.swift in Sources */ = {isa = PBXBuildFile; fileRef = 300991731F0FF2A500999B99 /* ViewController.swift */; };
		300991771F0FF2A500999B99 /* Main.storyboard in Resources */ = {isa = PBXBuildFile; fileRef = 300991751F0FF2A500999B99 /* Main.storyboard */; };
		300991791F0FF2A500999B99 /* Assets.xcassets in Resources */ = {isa = PBXBuildFile; fileRef = 300991781F0FF2A500999B99 /* Assets.xcassets */; };
		3009917C1F0FF2A500999B99 /* LaunchScreen.storyboard in Resources */ = {isa = PBXBuildFile; fileRef = 3009917A1F0FF2A500999B99 /* LaunchScreen.storyboard */; };
/* End PBXBuildFile section */

/* Begin PBXFileReference section */
		3009916E1F0FF2A500999B99 /* Gratuity.app */ = {isa = PBXFileReference; explicitFileType = wrapper.application; includeInIndex = 0; path = Gratuity.app; sourceTree = BUILT_PRODUCTS_DIR; };
		300991711F0FF2A500999B99 /* AppDelegate.swift */ = {isa = PBXFileReference; lastKnownFileType = sourcecode.swift; path = AppDelegate.swift; sourceTree = "<group>"; };
		300991731F0FF2A500999B99 /* ViewController.swift */ = {isa = PBXFileReference; lastKnownFileType = sourcecode.swift; path = ViewController.swift; sourceTree = "<group>"; };
		300991761F0FF2A500999B99 /* Base */ = {isa = PBXFileReference; lastKnownFileType = file.storyboard; name = Base; path = Base.lproj/Main.storyboard; sourceTree = "<group>"; };
		300991781F0FF2A500999B99 /* Assets.xcassets */ = {isa = PBXFileReference; lastKnownFileType = folder.assetcatalog; path = Assets.xcassets; sourceTree = "<group>"; };
		3009917B1F0FF2A500999B99 /* Base */ = {isa = PBXFileReference; lastKnownFileType = file.storyboard; name = Base; path = Base.lproj/LaunchScreen.storyboard; sourceTree = "<group>"; };
		3009917D1F0FF2A500999B99 /* Info.plist */ = {isa = PBXFileReference; lastKnownFileType = text.plist.xml; path = Info.plist; sourceTree = "<group>"; };
/* End PBXFileReference section */

/* Begin PBXFrameworksBuildPhase section */
		3009916B1F0FF2A500999B99 /* Frameworks */ = {
			isa = PBXFrameworksBuildPhase;
			buildActionMask = 2147483647;
			files = (
			);
			runOnlyForDeploymentPostprocessing = 0;
		};
/* End PBXFrameworksBuildPhase section */

/* Begin PBXGroup section */
		300991651F0FF2A500999B99 = {
			isa = PBXGroup;
			children = (
				300991701F0FF2A500999B99 /* Gratuity */,
				3009916F1F0FF2A500999B99 /* Products */,
			);
			sourceTree = "<group>";
		};
		3009916F1F0FF2A500999B99 /* Products */ = {
			isa = PBXGroup;
			children = (
				3009916E1F0FF2A500999B99 /* Gratuity.app */,
			);
			name = Products;
			sourceTree = "<group>";
		};
		300991701F0FF2A500999B99 /* Gratuity */ = {
			isa = PBXGroup;
			children = (
				300991711F0FF2A500999B99 /* AppDelegate.swift */,
				300991731F0FF2A500999B99 /* ViewController.swift */,
				300991751F0FF2A500999B99 /* Main.storyboard */,
				300991781F0FF2A500999B99 /* Assets.xcassets */,
				3009917A1F0FF2A500999B99 /* LaunchScreen.storyboard */,
				3009917D1F0FF2A500999B99 /* Info.plist */,
			);
			path = Gratuity;
			sourceTree = "<group>";
		};
/* End PBXGroup section */

/* Begin PBXNativeTarget section */
		3009916D1F0FF2A500999B99 /* Gratuity */ = {
			isa = PBXNativeTarget;
			buildConfigurationList = 300991801F0FF2A500999B99 /* Build configuration list for PBXNativeTarget "Gratuity" */;
			buildPhases = (
				3009916A1F0FF2A500999B99 /* Sources */,
				3009916B1F0FF2A500999B99 /* Frameworks */,
				3009916C1F0FF2A500999B99 /* Resources */,
			);
			buildRules = (
			);
			dependencies = (
			);
			name = Gratuity;
			productName = Gratuity;
			productReference = 3009916E1F0FF2A500999B99 /* Gratuity.app */;
			productType = "com.apple.product-type.application";
		};
/* End PBXNativeTarget section */

/* Begin PBXProject section */
		300991661F0FF2A500999B99 /* Project object */ = {
			isa = PBXProject;
			attributes = {
				LastSwiftUpdateCheck = 0830;
				LastUpgradeCheck = 0830;
				ORGANIZATIONNAME = "Danny Garcia";
				TargetAttributes = {
					3009916D1F0FF2A500999B99 = {
						CreatedOnToolsVersion = 8.3.3;
						ProvisioningStyle = Automatic;
					};
				};
			};
			buildConfigurationList = 300991691F0FF2A500999B99 /* Build configuration list for PBXProject "Gratuity" */;
			compatibilityVersion = "Xcode 3.2";
			developmentRegion = English;
			hasScannedForEncodings = 0;
			knownRegions = (
				en,
				Base,
			);
			mainGroup = 300991651F0FF2A500999B99;
			productRefGroup = 3009916F1F0FF2A500999B99 /* Products */;
			projectDirPath = "";
			projectRoot = "";
			targets = (
				3009916D1F0FF2A500999B99 /* Gratuity */,
			);
		};
/* End PBXProject section */

/* Begin PBXResourcesBuildPhase section */
		3009916C1F0FF2A500999B99 /* Resources */ = {
			isa = PBXResourcesBuildPhase;
			buildActionMask = 2147483647;
			files = (
				3009917C1F0FF2A500999B99 /* LaunchScreen.storyboard in Resources */,
				300991791F0FF2A500999B99 /* Assets.xcassets in Resources */,
				300991771F0FF2A500999B99 /* Main.storyboard in Resources */,
			);
			runOnlyForDeploymentPostprocessing = 0;
		};
/* End PBXResourcesBuildPhase section */

/* Begin PBXSourcesBuildPhase section */
		3009916A1F0FF2A500999B99 /* Sources */ = {
			isa = PBXSourcesBuildPhase;
			buildActionMask = 2147483647;
			files = (
				300991741F0FF2A500999B99 /* ViewController.swift in Sources */,
				300991721F0FF2A500999B99 /* AppDelegate.swift in Sources */,
			);
			runOnlyForDeploymentPostprocessing = 0;
		};
/* End PBXSourcesBuildPhase section */

/* Begin PBXVariantGroup section */
		300991751F0FF2A500999B99 /* Main.storyboard */ = {
			isa = PBXVariantGroup;
			children = (
				300991761F0FF2A500999B99 /* Base */,
			);
			name = Main.storyboard;
			sourceTree = "<group>";
		};
		3009917A1F0FF2A500999B99 /* LaunchScreen.storyboard */ = {
			isa = PBXVariantGroup;
			children = (
				3009917B1F0FF2A500999B99 /* Base */,
			);
			name = LaunchScreen.storyboard;
			sourceTree = "<group>";
		};
/* End PBXVariantGroup section */

/* Begin XCBuildConfiguration section */
		3009917E1F0FF2A500999B99 /* Debug */ = {
			isa = XCBuildConfiguration;
			buildSettings = {
				ALWAYS_SEARCH_USER_PATHS = NO;
				CLANG_ANALYZER_NONNULL = YES;
				CLANG_ANALYZER_NUMBER_OBJECT_CONVERSION = YES_AGGRESSIVE;
				CLANG_CXX_LANGUAGE_STANDARD = "gnu++0x";
				CLANG_CXX_LIBRARY = "libc++";
				CLANG_ENABLE_MODULES = YES;
				CLANG_ENABLE_OBJC_ARC = YES;
				CLANG_WARN_BOOL_CONVERSION = YES;
				CLANG_WARN_CONSTANT_CONVERSION = YES;
				CLANG_WARN_DIRECT_OBJC_ISA_USAGE = YES_ERROR;
				CLANG_WARN_DOCUMENTATION_COMMENTS = YES;
				CLANG_WARN_EMPTY_BODY = YES;
				CLANG_WARN_ENUM_CONVERSION = YES;
				CLANG_WARN_INFINITE_RECURSION = YES;
				CLANG_WARN_INT_CONVERSION = YES;
				CLANG_WARN_OBJC_ROOT_CLASS = YES_ERROR;
				CLANG_WARN_SUSPICIOUS_MOVE = YES;
				CLANG_WARN_UNREACHABLE_CODE = YES;
				CLANG_WARN__DUPLICATE_METHOD_MATCH = YES;
				"CODE_SIGN_IDENTITY[sdk=iphoneos*]" = "iPhone Developer";
				COPY_PHASE_STRIP = NO;
				DEBUG_INFORMATION_FORMAT = dwarf;
				ENABLE_STRICT_OBJC_MSGSEND = YES;
				ENABLE_TESTABILITY = YES;
				GCC_C_LANGUAGE_STANDARD = gnu99;
				GCC_DYNAMIC_NO_PIC = NO;
				GCC_NO_COMMON_BLOCKS = YES;
				GCC_OPTIMIZATION_LEVEL = 0;
				GCC_PREPROCESSOR_DEFINITIONS = (
					"DEBUG=1",
					"$(inherited)",
				);
				GCC_WARN_64_TO_32_BIT_CONVERSION = YES;
				GCC_WARN_ABOUT_RETURN_TYPE = YES_ERROR;
				GCC_WARN_UNDECLARED_SELECTOR = YES;
				GCC_WARN_UNINITIALIZED_AUTOS = YES_AGGRESSIVE;
				GCC_WARN_UNUSED_FUNCTION = YES;
				GCC_WARN_UNUSED_VARIABLE = YES;
				IPHONEOS_DEPLOYMENT_TARGET = 10.3;
				MTL_ENABLE_DEBUG_INFO = YES;
				ONLY_ACTIVE_ARCH = YES;
				SDKROOT = iphoneos;
				SWIFT_ACTIVE_COMPILATION_CONDITIONS = DEBUG;
				SWIFT_OPTIMIZATION_LEVEL = "-Onone";
			};
			name = Debug;
		};
		3009917F1F0FF2A500999B99 /* Release */ = {
			isa = XCBuildConfiguration;
			buildSettings = {
				ALWAYS_SEARCH_USER_PATHS = NO;
				CLANG_ANALYZER_NONNULL = YES;
				CLANG_ANALYZER_NUMBER_OBJECT_CONVERSION = YES_AGGRESSIVE;
				CLANG_CXX_LANGUAGE_STANDARD = "gnu++0x";
				CLANG_CXX_LIBRARY = "libc++";
				CLANG_ENABLE_MODULES = YES;
				CLANG_ENABLE_OBJC_ARC = YES;
				CLANG_WARN_BOOL_CONVERSION = YES;
				CLANG_WARN_CONSTANT_CONVERSION = YES;
				CLANG_WARN_DIRECT_OBJC_ISA_USAGE = YES_ERROR;
				CLANG_WARN_DOCUMENTATION_COMMENTS = YES;
				CLANG_WARN_EMPTY_BODY = YES;
				CLANG_WARN_ENUM_CONVERSION = YES;
				CLANG_WARN_INFINITE_RECURSION = YES;
				CLANG_WARN_INT_CONVERSION = YES;
				CLANG_WARN_OBJC_ROOT_CLASS = YES_ERROR;
				CLANG_WARN_SUSPICIOUS_MOVE = YES;
				CLANG_WARN_UNREACHABLE_CODE = YES;
				CLANG_WARN__DUPLICATE_METHOD_MATCH = YES;
				"CODE_SIGN_IDENTITY[sdk=iphoneos*]" = "iPhone Developer";
				COPY_PHASE_STRIP = NO;
				DEBUG_INFORMATION_FORMAT = "dwarf-with-dsym";
				ENABLE_NS_ASSERTIONS = NO;
				ENABLE_STRICT_OBJC_MSGSEND = YES;
				GCC_C_LANGUAGE_STANDARD = gnu99;
				GCC_NO_COMMON_BLOCKS = YES;
				GCC_WARN_64_TO_32_BIT_CONVERSION = YES;
				GCC_WARN_ABOUT_RETURN_TYPE = YES_ERROR;
				GCC_WARN_UNDECLARED_SELECTOR = YES;
				GCC_WARN_UNINITIALIZED_AUTOS = YES_AGGRESSIVE;
				GCC_WARN_UNUSED_FUNCTION = YES;
				GCC_WARN_UNUSED_VARIABLE = YES;
				IPHONEOS_DEPLOYMENT_TARGET = 10.3;
				MTL_ENABLE_DEBUG_INFO = NO;
				SDKROOT = iphoneos;
				SWIFT_OPTIMIZATION_LEVEL = "-Owholemodule";
				VALIDATE_PRODUCT = YES;
			};
			name = Release;
		};
		300991811F0FF2A500999B99 /* Debug */ = {
			isa = XCBuildConfiguration;
			buildSettings = {
				ASSETCATALOG_COMPILER_APPICON_NAME = AppIcon;
				INFOPLIST_FILE = Gratuity/Info.plist;
				LD_RUNPATH_SEARCH_PATHS = "$(inherited) @executable_path/Frameworks";
				PRODUCT_BUNDLE_IDENTIFIER = io.whatilearnedtoday.Gratuity;
				PRODUCT_NAME = "$(TARGET_NAME)";
				SWIFT_VERSION = 3.0;
			};
			name = Debug;
		};
		300991821F0FF2A500999B99 /* Release */ = {
			isa = XCBuildConfiguration;
			buildSettings = {
				ASSETCATALOG_COMPILER_APPICON_NAME = AppIcon;
				INFOPLIST_FILE = Gratuity/Info.plist;
				LD_RUNPATH_SEARCH_PATHS = "$(inherited) @executable_path/Frameworks";
				PRODUCT_BUNDLE_IDENTIFIER = io.whatilearnedtoday.Gratuity;
				PRODUCT_NAME = "$(TARGET_NAME)";
				SWIFT_VERSION = 3.0;
			};
			name = Release;
		};
/* End XCBuildConfiguration section */

/* Begin XCConfigurationList section */
		300991691F0FF2A500999B99 /* Build configuration list for PBXProject "Gratuity" */ = {
			isa = XCConfigurationList;
			buildConfigurations = (
				3009917E1F0FF2A500999B99 /* Debug */,
				3009917F1F0FF2A500999B99 /* Release */,
			);
			defaultConfigurationIsVisible = 0;
			defaultConfigurationName = Release;
		};
		300991801F0FF2A500999B99 /* Build configuration list for PBXNativeTarget "Gratuity" */ = {
			isa = XCConfigurationList;
			buildConfigurations = (
				300991811F0FF2A500999B99 /* Debug */,
				300991821F0FF2A500999B99 /* Release */,
			);
			defaultConfigurationIsVisible = 0;
		};
/* End XCConfigurationList section */
	};
	rootObject = 300991661F0FF2A500999B99 /* Project object */;
}
